
Microsoft Visual Studio Solution File, Format Version 12.00
# Visual Studio Version 16
VisualStudioVersion = 16.0.31624.102
MinimumVisualStudioVersion = 10.0.40219.1
Project("{FAE04EC0-301F-11D3-BF4B-00C04F79EFBC}") = "WBSAlpha", "WBSAlpha\WBSAlpha.csproj", "{FBD98508-CC6A-4607-9474-279C8B2FD38B}"
EndProject
Global
	GlobalSection(SolutionConfigurationPlatforms) = preSolution
		Debug|Any CPU = Debug|Any CPU
		Release|Any CPU = Release|Any CPU
	EndGlobalSection
	GlobalSection(ProjectConfigurationPlatforms) = postSolution
		{FBD98508-CC6A-4607-9474-279C8B2FD38B}.Debug|Any CPU.ActiveCfg = Debug|Any CPU
		{FBD98508-CC6A-4607-9474-279C8B2FD38B}.Debug|Any CPU.Build.0 = Debug|Any CPU
		{FBD98508-CC6A-4607-9474-279C8B2FD38B}.Release|Any CPU.ActiveCfg = Release|Any CPU
		{FBD98508-CC6A-4607-9474-279C8B2FD38B}.Release|Any CPU.Build.0 = Release|Any CPU
	EndGlobalSection
	GlobalSection(SolutionProperties) = preSolution
		HideSolutionNode = FALSE
	EndGlobalSection
	GlobalSection(ExtensibilityGlobals) = postSolution
		SolutionGuid = {29E27071-549E-4032-8A55-9E7312DAB440}
	EndGlobalSection
EndGlobal
